
Microsoft Visual Studio Solution File, Format Version 12.00
# Visual Studio Express 2012 for Web
Project("{FAE04EC0-301F-11D3-BF4B-00C04F79EFBC}") = "atstechWebAPI_test", "atstechWebAPI_test\atstechWebAPI_test.csproj", "{FBE789EB-1091-4D0B-A0A8-411DA8DD6109}"
EndProject
Global
	GlobalSection(SolutionConfigurationPlatforms) = preSolution
		Debug|Any CPU = Debug|Any CPU
		Release|Any CPU = Release|Any CPU
	EndGlobalSection
	GlobalSection(ProjectConfigurationPlatforms) = postSolution
		{FBE789EB-1091-4D0B-A0A8-411DA8DD6109}.Debug|Any CPU.ActiveCfg = Debug|Any CPU
		{FBE789EB-1091-4D0B-A0A8-411DA8DD6109}.Debug|Any CPU.Build.0 = Debug|Any CPU
		{FBE789EB-1091-4D0B-A0A8-411DA8DD6109}.Release|Any CPU.ActiveCfg = Release|Any CPU
		{FBE789EB-1091-4D0B-A0A8-411DA8DD6109}.Release|Any CPU.Build.0 = Release|Any CPU
	EndGlobalSection
	GlobalSection(SolutionProperties) = preSolution
		HideSolutionNode = FALSE
	EndGlobalSection
EndGlobal
